{
  "name": "erp-mutabakat-html-system-v223-otomatik-fix",
  "version": "2.2.3",
  "lockfileVersion": 3,
  "requires": true,
  "packages": {
    "": {
      "name": "erp-mutabakat-html-system-v223-otomatik-fix",
      "version": "2.2.3",
      "engines": {
        "node": ">=18"
      }
    }
  }
}
